
Microsoft Visual Studio Solution File, Format Version 12.00
# Visual Studio Version 17
VisualStudioVersion = 17.1.32328.378
MinimumVisualStudioVersion = 10.0.40219.1
Project("{FAE04EC0-301F-11D3-BF4B-00C04F79EFBC}") = "Farm", "Farm\Farm.csproj", "{D3819D35-5768-4AC8-BD5C-59BA119EBCDA}"
EndProject
Global
	GlobalSection(SolutionConfigurationPlatforms) = preSolution
		Debug|Any CPU = Debug|Any CPU
		Release|Any CPU = Release|Any CPU
	EndGlobalSection
	GlobalSection(ProjectConfigurationPlatforms) = postSolution
		{D3819D35-5768-4AC8-BD5C-59BA119EBCDA}.Debug|Any CPU.ActiveCfg = Debug|Any CPU
		{D3819D35-5768-4AC8-BD5C-59BA119EBCDA}.Debug|Any CPU.Build.0 = Debug|Any CPU
		{D3819D35-5768-4AC8-BD5C-59BA119EBCDA}.Release|Any CPU.ActiveCfg = Release|Any CPU
		{D3819D35-5768-4AC8-BD5C-59BA119EBCDA}.Release|Any CPU.Build.0 = Release|Any CPU
	EndGlobalSection
	GlobalSection(SolutionProperties) = preSolution
		HideSolutionNode = FALSE
	EndGlobalSection
	GlobalSection(ExtensibilityGlobals) = postSolution
		SolutionGuid = {E7DE4A7F-448C-4B84-B5D1-88DC6577299A}
	EndGlobalSection
EndGlobal
